
Microsoft Visual Studio Solution File, Format Version 12.00
# Visual Studio Version 17
VisualStudioVersion = 17.8.34316.72
MinimumVisualStudioVersion = 10.0.40219.1
Project("{FAE04EC0-301F-11D3-BF4B-00C04F79EFBC}") = "y_zkütüphane", "y_zkütüphane.csproj", "{309FB8F0-FB3E-4BBE-BEAB-9F5F63C28304}"
EndProject
Global
	GlobalSection(SolutionConfigurationPlatforms) = preSolution
		Debug|Any CPU = Debug|Any CPU
		Release|Any CPU = Release|Any CPU
	EndGlobalSection
	GlobalSection(ProjectConfigurationPlatforms) = postSolution
		{309FB8F0-FB3E-4BBE-BEAB-9F5F63C28304}.Debug|Any CPU.ActiveCfg = Debug|Any CPU
		{309FB8F0-FB3E-4BBE-BEAB-9F5F63C28304}.Debug|Any CPU.Build.0 = Debug|Any CPU
		{309FB8F0-FB3E-4BBE-BEAB-9F5F63C28304}.Release|Any CPU.ActiveCfg = Release|Any CPU
		{309FB8F0-FB3E-4BBE-BEAB-9F5F63C28304}.Release|Any CPU.Build.0 = Release|Any CPU
	EndGlobalSection
	GlobalSection(SolutionProperties) = preSolution
		HideSolutionNode = FALSE
	EndGlobalSection
	GlobalSection(ExtensibilityGlobals) = postSolution
		SolutionGuid = {34B0D657-6F1A-4721-9937-FFB9E9661E84}
	EndGlobalSection
EndGlobal
